{
  "name": "demo",
  "version": "1.0.0",
  "lockfileVersion": 3,
  "requires": true,
  "packages": {
    "": {
      "name": "demo",
      "version": "1.0.0",
      "dependencies": {
        "@coderipper-fixtures/clean-twin": "1.0.0"
      }
    },
    "node_modules/@coderipper-fixtures/clean-twin": {
      "version": "1.0.0",
      "resolved": "https://registry.npmjs.org/@coderipper-fixtures/clean-twin/-/clean-twin-1.0.0.tgz"
    }
  }
}
